<?xml version="1.0" encoding="utf-8"?>
<Project ToolsVersion="4.0" xmlns="http://schemas.microsoft.com/developer/msbuild/2003">
  <ItemGroup>
    <Filter Include="Source Files">
      <UniqueIdentifier>{4FC737F1-C7A5-4376-A066-2A32D752A2FF}</UniqueIdentifier>
      <Extensions>cpp;c;cc;cxx;def;odl;idl;hpj;bat;asm;asmx</Extensions>
    </Filter>
    <Filter Include="Header Files">
      <UniqueIdentifier>{93995380-89BD-4b04-88EB-625FBE52EBFB}</UniqueIdentifier>
      <Extensions>h;hh;hpp;hxx;hm;inl;inc;xsd</Extensions>
    </Filter>
    <Filter Include="Resource Files">
      <UniqueIdentifier>{67DA6AB6-F800-4c08-8B7A-83BB121AAD01}</UniqueIdentifier>
      <Extensions>rc;ico;cur;bmp;dlg;rc2;rct;bin;rgs;gif;jpg;jpeg;jpe;resx;tiff;tif;png;wav;mfcribbon-ms</Extensions>
    </Filter>
  </ItemGroup>
  <ItemGroup>
    <ClCompile Include="Include\aie\Gizmos.cpp">
      <Filter>Source Files</Filter>
    </ClCompile>
    <ClCompile Include="Include\loadgen\gl_core_4_4.c">
      <Filter>Source Files</Filter>
    </ClCompile>
    <ClCompile Include="Source\main.cpp">
      <Filter>Source Files</Filter>
    </ClCompile>
    <ClCompile Include="Source\Camera.cpp">
      <Filter>Source Files</Filter>
    </ClCompile>
    <ClCompile Include="Source\Application.cpp">
      <Filter>Source Files</Filter>
    </ClCompile>
    <ClCompile Include="Source\Game.cpp">
      <Filter>Source Files</Filter>
    </ClCompile>
    <ClCompile Include="Source\ShaderProgram.cpp">
      <Filter>Source Files</Filter>
    </ClCompile>
    <ClCompile Include="Source\FileIO.cpp">
      <Filter>Source Files</Filter>
    </ClCompile>
    <ClCompile Include="Source\Transform.cpp">
      <Filter>Source Files</Filter>
    </ClCompile>
    <ClCompile Include="Source\Light\Light.cpp">
      <Filter>Source Files</Filter>
    </ClCompile>
    <ClCompile Include="Source\Light\DirectionalLight.cpp">
      <Filter>Source Files</Filter>
    </ClCompile>
    <ClCompile Include="Source\Input.cpp">
      <Filter>Source Files</Filter>
    </ClCompile>
    <ClCompile Include="Source\FlyCamera.cpp">
      <Filter>Source Files</Filter>
    </ClCompile>
    <ClCompile Include="Source\ProceduralMesh.cpp">
      <Filter>Source Files</Filter>
    </ClCompile>
    <ClCompile Include="Source\ParticleEmitter.cpp">
      <Filter>Source Files</Filter>
    </ClCompile>
    <ClCompile Include="Source\GPUParticleEmitter.cpp">
      <Filter>Source Files</Filter>
    </ClCompile>
    <ClCompile Include="Source\Plane.cpp">
      <Filter>Source Files</Filter>
    </ClCompile>
    <ClCompile Include="Source\Texture.cpp">
      <Filter>Source Files</Filter>
    </ClCompile>
    <ClCompile Include="Source\RenderTexture.cpp">
      <Filter>Source Files</Filter>
    </ClCompile>
    <ClCompile Include="Source\Mesh.cpp">
      <Filter>Source Files</Filter>
    </ClCompile>
    <ClCompile Include="Source\Model.cpp">
      <Filter>Source Files</Filter>
    </ClCompile>
    <ClCompile Include="Source\Material.cpp">
      <Filter>Source Files</Filter>
    </ClCompile>
    <ClCompile Include="Source\ResourceManager.cpp">
      <Filter>Source Files</Filter>
    </ClCompile>
    <ClCompile Include="Source\Resource.cpp">
      <Filter>Source Files</Filter>
    </ClCompile>
  </ItemGroup>
  <ItemGroup>
    <ClInclude Include="Include\aie\Gizmos.h">
      <Filter>Header Files</Filter>
    </ClInclude>
    <ClInclude Include="Include\glfw\glfw3.h">
      <Filter>Header Files</Filter>
    </ClInclude>
    <ClInclude Include="Include\glfw\glfw3native.h">
      <Filter>Header Files</Filter>
    </ClInclude>
    <ClInclude Include="Include\loadgen\gl_core_4_4.h">
      <Filter>Header Files</Filter>
    </ClInclude>
    <ClInclude Include="Source\Camera.h">
      <Filter>Header Files</Filter>
    </ClInclude>
    <ClInclude Include="Source\Application.h">
      <Filter>Header Files</Filter>
    </ClInclude>
    <ClInclude Include="Source\Game.h">
      <Filter>Header Files</Filter>
    </ClInclude>
    <ClInclude Include="Source\ShaderProgram.h">
      <Filter>Header Files</Filter>
    </ClInclude>
    <ClInclude Include="Source\FileIO.h">
      <Filter>Header Files</Filter>
    </ClInclude>
    <ClInclude Include="Source\Transform.h">
      <Filter>Header Files</Filter>
    </ClInclude>
    <ClInclude Include="Source\Light\Light.h">
      <Filter>Header Files</Filter>
    </ClInclude>
    <ClInclude Include="Source\Light\DirectionalLight.h">
      <Filter>Header Files</Filter>
    </ClInclude>
    <ClInclude Include="Source\Input.h">
      <Filter>Header Files</Filter>
    </ClInclude>
    <ClInclude Include="Include\tweakbar\AntTweakBar.h">
      <Filter>Header Files</Filter>
    </ClInclude>
    <ClInclude Include="Source\FlyCamera.h">
      <Filter>Header Files</Filter>
    </ClInclude>
    <ClInclude Include="Source\ProceduralMesh.h">
      <Filter>Header Files</Filter>
    </ClInclude>
    <ClInclude Include="Source\Vertex.h">
      <Filter>Header Files</Filter>
    </ClInclude>
    <ClInclude Include="Source\ParticleEmitter.h">
      <Filter>Header Files</Filter>
    </ClInclude>
    <ClInclude Include="Source\GPUParticleEmitter.h">
      <Filter>Header Files</Filter>
    </ClInclude>
    <ClInclude Include="Source\Plane.h">
      <Filter>Header Files</Filter>
    </ClInclude>
    <ClInclude Include="Source\Texture.h">
      <Filter>Header Files</Filter>
    </ClInclude>
    <ClInclude Include="Source\RenderTexture.h">
      <Filter>Header Files</Filter>
    </ClInclude>
    <ClInclude Include="Source\Mesh.h">
      <Filter>Header Files</Filter>
    </ClInclude>
    <ClInclude Include="Source\Model.h">
      <Filter>Header Files</Filter>
    </ClInclude>
    <ClInclude Include="Source\Material.h">
      <Filter>Header Files</Filter>
    </ClInclude>
    <ClInclude Include="Source\ResourceManager.h">
      <Filter>Header Files</Filter>
    </ClInclude>
    <ClInclude Include="Source\Resource.h">
      <Filter>Header Files</Filter>
    </ClInclude>
  </ItemGroup>
  <ItemGroup>
    <Library Include="Libraries\glfw3.lib" />
    <Library Include="Libraries\AntTweakBar64.lib" />
    <Library Include="Libraries\AntTweakBar.lib" />
    <Library Include="Libraries\assimp.lib" />
    <Library Include="Libraries\assimpd.lib" />
  </ItemGroup>
  <ItemGroup>
    <None Include="Resources\Models\soulspear\soulspear.fbx" />
    <None Include="Resources\Models\cylinder.fbx" />
    <None Include="Resources\Models\SponzaSimple.fbx" />
    <None Include="Resources\Shaders\PhongVert.glsl" />
    <None Include="Resources\Shaders\PhongFrag.glsl" />
    <None Include="Resources\Shaders\ProcTerrainFrag.glsl" />
    <None Include="Resources\Shaders\ProcTerrainVert.glsl" />
    <None Include="Resources\Shaders\Particle\CPUPartVert.glsl" />
    <None Include="Resources\Shaders\Particle\CPUPartFrag.glsl" />
    <None Include="Resources\Shaders\Particle\GPUPartVert.glsl" />
    <None Include="Resources\Shaders\Particle\GPUPartGeom.glsl" />
    <None Include="Resources\Shaders\Particle\GPUPartFrag.glsl" />
    <None Include="Resources\Shaders\Particle\GPUPartUpdate.glsl" />
    <None Include="Resources\Shaders\Terrain\GPU\ProceduralFrag.glsl" />
    <None Include="Resources\Shaders\Terrain\GPU\ProceduralGeom.glsl" />
    <None Include="Resources\Shaders\Terrain\GPU\ProceduralVert.glsl" />
    <None Include="Resources\Shaders\Terrain\CPU\ProceduralFrag.glsl" />
    <None Include="Resources\Shaders\Terrain\CPU\ProceduralVert.glsl" />
    <None Include="Resources\Shaders\Water\WaterFrag.glsl" />
    <None Include="Resources\Shaders\Water\WaterVert.glsl" />
    <None Include="Resources\Shaders\DefaultFrag.glsl" />
    <None Include="Resources\Shaders\DefaultVert.glsl" />
    <None Include="Resources\Shaders\SpecularFrag.glsl" />
    <None Include="Resources\Shaders\SpecularVert.glsl" />
    <None Include="Resources\Shaders\TextureFrag.glsl" />
    <None Include="Resources\Shaders\TextureVert.glsl" />
    <None Include="Resources\Shaders\BRDFVert.glsl" />
    <None Include="Resources\Shaders\BRDFFrag.glsl" />
    <None Include="Resources\Models\sphere\sphere.fbx" />
    <None Include="Libraries\assimp.dll" />
    <None Include="Libraries\assimp.exp" />
    <None Include="Libraries\assimpd.dll" />
    <None Include="Libraries\assimpd.exp" />
    <None Include="Libraries\assimpd.ilk" />
    <None Include="Libraries\assimpd.pdb" />
  </ItemGroup>
  <ItemGroup>
    <Image Include="Resources\testTexture.png">
      <Filter>Resource Files</Filter>
    </Image>
    <Image Include="Resources\Models\soulspear\soulspear_diffuse.tga" />
    <Image Include="Resources\Models\soulspear\soulspear_normal.tga" />
    <Image Include="Resources\Models\soulspear\soulspear_specular.tga" />
    <Image Include="Resources\Snow.png">
      <Filter>Resource Files</Filter>
    </Image>
    <Image Include="Resources\Rock.png">
      <Filter>Resource Files</Filter>
    </Image>
    <Image Include="Resources\Grass.png">
      <Filter>Resource Files</Filter>
    </Image>
    <Image Include="Resources\GrassOld.jpg">
      <Filter>Resource Files</Filter>
    </Image>
  </ItemGroup>
</Project>