<?xml version="1.0" encoding="utf-8"?>
<Project ToolsVersion="16.0" xmlns="http://schemas.microsoft.com/developer/msbuild/2003">
  <ItemGroup>
    <ClCompile Include="C:\Users\newel\Documents\Code\lazurite\lazurite_core\src\gl_core_4_4.c">
      <Filter>Source Files</Filter>
    </ClCompile>
    <ClCompile Include="C:\Users\newel\Documents\Code\lazurite\lazurite_core\src\Engine.cpp">
      <Filter>Source Files</Filter>
    </ClCompile>
    <ClCompile Include="C:\Users\newel\Documents\Code\lazurite\lazurite_core\src\Editor.cpp">
      <Filter>Source Files</Filter>
    </ClCompile>
    <ClCompile Include="C:\Users\newel\Documents\Code\lazurite\lazurite_core\src\EntryPoint.cpp">
      <Filter>Source Files</Filter>
    </ClCompile>
    <ClCompile Include="C:\Users\newel\Documents\Code\lazurite\lazurite_core\src\GameObject.cpp">
      <Filter>Source Files</Filter>
    </ClCompile>
    <ClCompile Include="C:\Users\newel\Documents\Code\lazurite\lazurite_core\src\SceneLoader.cpp">
      <Filter>Source Files</Filter>
    </ClCompile>
    <ClCompile Include="C:\Users\newel\Documents\Code\lazurite\lazurite_core\src\subsystem\Input.cpp">
      <Filter>Source Files</Filter>
    </ClCompile>
    <ClCompile Include="C:\Users\newel\Documents\Code\lazurite\lazurite_core\src\subsystem\Metrics.cpp">
      <Filter>Source Files</Filter>
    </ClCompile>
    <ClCompile Include="C:\Users\newel\Documents\Code\lazurite\lazurite_core\src\rendering\Cubemap.cpp">
      <Filter>Source Files</Filter>
    </ClCompile>
    <ClCompile Include="C:\Users\newel\Documents\Code\lazurite\lazurite_core\src\rendering\Material.cpp">
      <Filter>Source Files</Filter>
    </ClCompile>
    <ClCompile Include="C:\Users\newel\Documents\Code\lazurite\lazurite_core\src\rendering\Mesh.cpp">
      <Filter>Source Files</Filter>
    </ClCompile>
    <ClCompile Include="C:\Users\newel\Documents\Code\lazurite\lazurite_core\src\rendering\ShaderProgram.cpp">
      <Filter>Source Files</Filter>
    </ClCompile>
    <ClCompile Include="C:\Users\newel\Documents\Code\lazurite\lazurite_core\src\rendering\Texture.cpp">
      <Filter>Source Files</Filter>
    </ClCompile>
    <ClCompile Include="C:\Users\newel\Documents\Code\lazurite\lazurite_core\src\component\AComponent.cpp">
      <Filter>Source Files</Filter>
    </ClCompile>
    <ClCompile Include="C:\Users\newel\Documents\Code\lazurite\lazurite_core\src\component\Camera.cpp">
      <Filter>Source Files</Filter>
    </ClCompile>
    <ClCompile Include="C:\Users\newel\Documents\Code\lazurite\lazurite_core\src\component\Transform.cpp">
      <Filter>Source Files</Filter>
    </ClCompile>
    <ClCompile Include="C:\Users\newel\Documents\Code\lazurite\lazurite_core\src\utility\FileIO.cpp">
      <Filter>Source Files</Filter>
    </ClCompile>
    <ClCompile Include="C:\Users\newel\Documents\Code\lazurite\lazurite_core\src\imgui.cpp">
      <Filter>Source Files</Filter>
    </ClCompile>
    <ClCompile Include="C:\Users\newel\Documents\Code\lazurite\lazurite_core\src\imgui_demo.cpp">
      <Filter>Source Files</Filter>
    </ClCompile>
    <ClCompile Include="C:\Users\newel\Documents\Code\lazurite\lazurite_core\src\imgui_draw.cpp">
      <Filter>Source Files</Filter>
    </ClCompile>
    <ClCompile Include="C:\Users\newel\Documents\Code\lazurite\lazurite_core\src\imgui_impl_glfw.cpp">
      <Filter>Source Files</Filter>
    </ClCompile>
    <ClCompile Include="C:\Users\newel\Documents\Code\lazurite\lazurite_core\src\imgui_impl_opengl3.cpp">
      <Filter>Source Files</Filter>
    </ClCompile>
    <ClCompile Include="C:\Users\newel\Documents\Code\lazurite\lazurite_core\src\imgui_widgets.cpp">
      <Filter>Source Files</Filter>
    </ClCompile>
  </ItemGroup>
  <ItemGroup>
    <ClInclude Include="C:\Users\newel\Documents\Code\lazurite\lazurite_core\include\gl_core_4_4.h">
      <Filter>Header Files</Filter>
    </ClInclude>
    <ClInclude Include="C:\Users\newel\Documents\Code\lazurite\lazurite_core\include\Engine.h">
      <Filter>Header Files</Filter>
    </ClInclude>
    <ClInclude Include="C:\Users\newel\Documents\Code\lazurite\lazurite_core\include\Editor.h">
      <Filter>Header Files</Filter>
    </ClInclude>
    <ClInclude Include="C:\Users\newel\Documents\Code\lazurite\lazurite_core\include\GameObject.h">
      <Filter>Header Files</Filter>
    </ClInclude>
    <ClInclude Include="C:\Users\newel\Documents\Code\lazurite\lazurite_core\include\SceneLoader.h">
      <Filter>Header Files</Filter>
    </ClInclude>
    <ClInclude Include="C:\Users\newel\Documents\Code\lazurite\lazurite_core\include\subsystem\Input.h">
      <Filter>Header Files</Filter>
    </ClInclude>
    <ClInclude Include="C:\Users\newel\Documents\Code\lazurite\lazurite_core\include\subsystem\Metrics.h">
      <Filter>Header Files</Filter>
    </ClInclude>
    <ClInclude Include="C:\Users\newel\Documents\Code\lazurite\lazurite_core\include\rendering\Cubemap.h">
      <Filter>Header Files</Filter>
    </ClInclude>
    <ClInclude Include="C:\Users\newel\Documents\Code\lazurite\lazurite_core\include\rendering\Material.h">
      <Filter>Header Files</Filter>
    </ClInclude>
    <ClInclude Include="C:\Users\newel\Documents\Code\lazurite\lazurite_core\include\rendering\Mesh.h">
      <Filter>Header Files</Filter>
    </ClInclude>
    <ClInclude Include="C:\Users\newel\Documents\Code\lazurite\lazurite_core\include\rendering\ShaderProgram.h">
      <Filter>Header Files</Filter>
    </ClInclude>
    <ClInclude Include="C:\Users\newel\Documents\Code\lazurite\lazurite_core\include\rendering\Texture.h">
      <Filter>Header Files</Filter>
    </ClInclude>
    <ClInclude Include="C:\Users\newel\Documents\Code\lazurite\lazurite_core\include\rendering\Vertex.h">
      <Filter>Header Files</Filter>
    </ClInclude>
    <ClInclude Include="C:\Users\newel\Documents\Code\lazurite\lazurite_core\include\component\AComponent.h">
      <Filter>Header Files</Filter>
    </ClInclude>
    <ClInclude Include="C:\Users\newel\Documents\Code\lazurite\lazurite_core\include\component\Camera.h">
      <Filter>Header Files</Filter>
    </ClInclude>
    <ClInclude Include="C:\Users\newel\Documents\Code\lazurite\lazurite_core\include\component\Transform.h">
      <Filter>Header Files</Filter>
    </ClInclude>
    <ClInclude Include="C:\Users\newel\Documents\Code\lazurite\lazurite_core\include\utility\FileIO.h">
      <Filter>Header Files</Filter>
    </ClInclude>
    <ClInclude Include="C:\Users\newel\Documents\Code\lazurite\lazurite_core\include\imconfig.h">
      <Filter>Header Files</Filter>
    </ClInclude>
    <ClInclude Include="C:\Users\newel\Documents\Code\lazurite\lazurite_core\include\imgui.h">
      <Filter>Header Files</Filter>
    </ClInclude>
    <ClInclude Include="C:\Users\newel\Documents\Code\lazurite\lazurite_core\include\imgui_impl_glfw.h">
      <Filter>Header Files</Filter>
    </ClInclude>
    <ClInclude Include="C:\Users\newel\Documents\Code\lazurite\lazurite_core\include\imgui_impl_opengl3.h">
      <Filter>Header Files</Filter>
    </ClInclude>
    <ClInclude Include="C:\Users\newel\Documents\Code\lazurite\lazurite_core\include\imgui_internal.h">
      <Filter>Header Files</Filter>
    </ClInclude>
    <ClInclude Include="C:\Users\newel\Documents\Code\lazurite\lazurite_core\include\imstb_rectpack.h">
      <Filter>Header Files</Filter>
    </ClInclude>
    <ClInclude Include="C:\Users\newel\Documents\Code\lazurite\lazurite_core\include\imstb_textedit.h">
      <Filter>Header Files</Filter>
    </ClInclude>
    <ClInclude Include="C:\Users\newel\Documents\Code\lazurite\lazurite_core\include\imstb_truetype.h">
      <Filter>Header Files</Filter>
    </ClInclude>
  </ItemGroup>
  <ItemGroup>
    <CustomBuild Include="C:\Users\newel\Documents\Code\lazurite\lazurite_core\CMakeLists.txt" />
  </ItemGroup>
  <ItemGroup>
    <Filter Include="Header Files">
      <UniqueIdentifier>{6CA637E2-444C-316F-9744-AFB30B1EF160}</UniqueIdentifier>
    </Filter>
    <Filter Include="Source Files">
      <UniqueIdentifier>{220C200B-6CA5-3CED-9218-0D5D6E8FE4BF}</UniqueIdentifier>
    </Filter>
  </ItemGroup>
</Project>
